{
  "_readme": [
    "This file locks the dependencies of your project to a known state",
    "Read more about it at https://getcomposer.org/doc/01-basic-usage.md#installing-dependencies",
    "This file is @generated automatically"
  ],
  "content-hash": "03ef80ffacaf4830bd8a23131daf0fdb",
  "packages": [
    {
      "name": "psr/log",
      "version": "3.0.2",
      "source": {
        "type": "git",
        "url": "https://github.com/php-fig/log.git",
        "reference": "f16e1d5863e37f8d8c2a01719f5b34baa2b714d3"
      },
      "dist": {
        "type": "zip",
        "url": "https://api.github.com/repos/php-fig/log/zipball/f16e1d5863e37f8d8c2a01719f5b34baa2b714d3",
        "reference": "f16e1d5863e37f8d8c2a01719f5b34baa2b714d3",
        "shasum": ""
      },
      "require": {
        "php": ">=8.0.0"
      },
      "type": "library",
      "extra": {
        "branch-alias": {
          "dev-master": "3.x-dev"
        }
      },
      "autoload": {
        "psr-4": {
          "Psr\\Log\\": "src"
        }
      },
      "notification-url": "https://packagist.org/downloads/",
      "license": [
        "MIT"
      ],
      "authors": [
        {
          "name": "PHP-FIG",
          "homepage": "https://www.php-fig.org/"
        }
      ],
      "description": "Common interface for logging libraries",
      "homepage": "https://github.com/php-fig/log",
      "keywords": [
        "log",
        "psr",
        "psr-3"
      ],
      "support": {
        "source": "https://github.com/php-fig/log/tree/3.0.2"
      },
      "time": "2024-09-11T13:17:53+00:00"
    },
    {
      "name": "spatie/image",
      "version": "3.8.0",
      "source": {
        "type": "git",
        "url": "https://github.com/spatie/image.git",
        "reference": "06cf293f66c833704935ba18e16c784d7e8433a7"
      },
      "dist": {
        "type": "zip",
        "url": "https://api.github.com/repos/spatie/image/zipball/06cf293f66c833704935ba18e16c784d7e8433a7",
        "reference": "06cf293f66c833704935ba18e16c784d7e8433a7",
        "shasum": ""
      },
      "require": {
        "ext-exif": "*",
        "ext-json": "*",
        "ext-mbstring": "*",
        "php": "^8.2",
        "spatie/image-optimizer": "^1.7.5",
        "spatie/temporary-directory": "^2.2",
        "symfony/process": "^6.4|^7.0"
      },
      "require-dev": {
        "ext-gd": "*",
        "ext-imagick": "*",
        "laravel/sail": "^1.34",
        "pestphp/pest": "^2.28",
        "phpstan/phpstan": "^1.10.50",
        "spatie/pest-plugin-snapshots": "^2.1",
        "spatie/pixelmatch-php": "^1.0",
        "spatie/ray": "^1.40.1",
        "symfony/var-dumper": "^6.4|7.0"
      },
      "type": "library",
      "autoload": {
        "psr-4": {
          "Spatie\\Image\\": "src"
        }
      },
      "notification-url": "https://packagist.org/downloads/",
      "license": [
        "MIT"
      ],
      "authors": [
        {
          "name": "Freek Van der Herten",
          "email": "freek@spatie.be",
          "homepage": "https://spatie.be",
          "role": "Developer"
        }
      ],
      "description": "Manipulate images with an expressive API",
      "homepage": "https://github.com/spatie/image",
      "keywords": [
        "image",
        "spatie"
      ],
      "support": {
        "source": "https://github.com/spatie/image/tree/3.8.0"
      },
      "funding": [
        {
          "url": "https://spatie.be/open-source/support-us",
          "type": "custom"
        },
        {
          "url": "https://github.com/spatie",
          "type": "github"
        }
      ],
      "time": "2025-01-17T10:19:44+00:00"
    },
    {
      "name": "spatie/image-optimizer",
      "version": "1.8.0",
      "source": {
        "type": "git",
        "url": "https://github.com/spatie/image-optimizer.git",
        "reference": "4fd22035e81d98fffced65a8c20d9ec4daa9671c"
      },
      "dist": {
        "type": "zip",
        "url": "https://api.github.com/repos/spatie/image-optimizer/zipball/4fd22035e81d98fffced65a8c20d9ec4daa9671c",
        "reference": "4fd22035e81d98fffced65a8c20d9ec4daa9671c",
        "shasum": ""
      },
      "require": {
        "ext-fileinfo": "*",
        "php": "^7.3|^8.0",
        "psr/log": "^1.0 | ^2.0 | ^3.0",
        "symfony/process": "^4.2|^5.0|^6.0|^7.0"
      },
      "require-dev": {
        "pestphp/pest": "^1.21",
        "phpunit/phpunit": "^8.5.21|^9.4.4",
        "symfony/var-dumper": "^4.2|^5.0|^6.0|^7.0"
      },
      "type": "library",
      "autoload": {
        "psr-4": {
          "Spatie\\ImageOptimizer\\": "src"
        }
      },
      "notification-url": "https://packagist.org/downloads/",
      "license": [
        "MIT"
      ],
      "authors": [
        {
          "name": "Freek Van der Herten",
          "email": "freek@spatie.be",
          "homepage": "https://spatie.be",
          "role": "Developer"
        }
      ],
      "description": "Easily optimize images using PHP",
      "homepage": "https://github.com/spatie/image-optimizer",
      "keywords": [
        "image-optimizer",
        "spatie"
      ],
      "support": {
        "issues": "https://github.com/spatie/image-optimizer/issues",
        "source": "https://github.com/spatie/image-optimizer/tree/1.8.0"
      },
      "time": "2024-11-04T08:24:54+00:00"
    },
    {
      "name": "spatie/temporary-directory",
      "version": "2.3.0",
      "source": {
        "type": "git",
        "url": "https://github.com/spatie/temporary-directory.git",
        "reference": "580eddfe9a0a41a902cac6eeb8f066b42e65a32b"
      },
      "dist": {
        "type": "zip",
        "url": "https://api.github.com/repos/spatie/temporary-directory/zipball/580eddfe9a0a41a902cac6eeb8f066b42e65a32b",
        "reference": "580eddfe9a0a41a902cac6eeb8f066b42e65a32b",
        "shasum": ""
      },
      "require": {
        "php": "^8.0"
      },
      "require-dev": {
        "phpunit/phpunit": "^9.5"
      },
      "type": "library",
      "autoload": {
        "psr-4": {
          "Spatie\\TemporaryDirectory\\": "src"
        }
      },
      "notification-url": "https://packagist.org/downloads/",
      "license": [
        "MIT"
      ],
      "authors": [
        {
          "name": "Alex Vanderbist",
          "email": "alex@spatie.be",
          "homepage": "https://spatie.be",
          "role": "Developer"
        }
      ],
      "description": "Easily create, use and destroy temporary directories",
      "homepage": "https://github.com/spatie/temporary-directory",
      "keywords": [
        "php",
        "spatie",
        "temporary-directory"
      ],
      "support": {
        "issues": "https://github.com/spatie/temporary-directory/issues",
        "source": "https://github.com/spatie/temporary-directory/tree/2.3.0"
      },
      "funding": [
        {
          "url": "https://spatie.be/open-source/support-us",
          "type": "custom"
        },
        {
          "url": "https://github.com/spatie",
          "type": "github"
        }
      ],
      "time": "2025-01-13T13:04:43+00:00"
    },
    {
      "name": "symfony/process",
      "version": "v7.2.0",
      "source": {
        "type": "git",
        "url": "https://github.com/symfony/process.git",
        "reference": "d34b22ba9390ec19d2dd966c40aa9e8462f27a7e"
      },
      "dist": {
        "type": "zip",
        "url": "https://api.github.com/repos/symfony/process/zipball/d34b22ba9390ec19d2dd966c40aa9e8462f27a7e",
        "reference": "d34b22ba9390ec19d2dd966c40aa9e8462f27a7e",
        "shasum": ""
      },
      "require": {
        "php": ">=8.2"
      },
      "type": "library",
      "autoload": {
        "psr-4": {
          "Symfony\\Component\\Process\\": ""
        },
        "exclude-from-classmap": [
          "/Tests/"
        ]
      },
      "notification-url": "https://packagist.org/downloads/",
      "license": [
        "MIT"
      ],
      "authors": [
        {
          "name": "Fabien Potencier",
          "email": "fabien@symfony.com"
        },
        {
          "name": "Symfony Community",
          "homepage": "https://symfony.com/contributors"
        }
      ],
      "description": "Executes commands in sub-processes",
      "homepage": "https://symfony.com",
      "support": {
        "source": "https://github.com/symfony/process/tree/v7.2.0"
      },
      "funding": [
        {
          "url": "https://symfony.com/sponsor",
          "type": "custom"
        },
        {
          "url": "https://github.com/fabpot",
          "type": "github"
        },
        {
          "url": "https://tidelift.com/funding/github/packagist/symfony/symfony",
          "type": "tidelift"
        }
      ],
      "time": "2024-11-06T14:24:19+00:00"
    }
  ],
  "packages-dev": [
    {
      "name": "symfony/polyfill-mbstring",
      "version": "v1.27.0",
      "source": {
        "type": "git",
        "url": "https://github.com/symfony/polyfill-mbstring.git",
        "reference": "8ad114f6b39e2c98a8b0e3bd907732c207c2b534"
      },
      "dist": {
        "type": "zip",
        "url": "https://api.github.com/repos/symfony/polyfill-mbstring/zipball/8ad114f6b39e2c98a8b0e3bd907732c207c2b534",
        "reference": "8ad114f6b39e2c98a8b0e3bd907732c207c2b534",
        "shasum": ""
      },
      "require": {
        "php": ">=7.1"
      },
      "provide": {
        "ext-mbstring": "*"
      },
      "suggest": {
        "ext-mbstring": "For best performance"
      },
      "type": "library",
      "extra": {
        "branch-alias": {
          "dev-main": "1.27-dev"
        },
        "thanks": {
          "name": "symfony/polyfill",
          "url": "https://github.com/symfony/polyfill"
        }
      },
      "autoload": {
        "files": [
          "bootstrap.php"
        ],
        "psr-4": {
          "Symfony\\Polyfill\\Mbstring\\": ""
        }
      },
      "notification-url": "https://packagist.org/downloads/",
      "license": [
        "MIT"
      ],
      "authors": [
        {
          "name": "Nicolas Grekas",
          "email": "p@tchwork.com"
        },
        {
          "name": "Symfony Community",
          "homepage": "https://symfony.com/contributors"
        }
      ],
      "description": "Symfony polyfill for the Mbstring extension",
      "homepage": "https://symfony.com",
      "keywords": [
        "compatibility",
        "mbstring",
        "polyfill",
        "portable",
        "shim"
      ],
      "support": {
        "source": "https://github.com/symfony/polyfill-mbstring/tree/v1.27.0"
      },
      "funding": [
        {
          "url": "https://symfony.com/sponsor",
          "type": "custom"
        },
        {
          "url": "https://github.com/fabpot",
          "type": "github"
        },
        {
          "url": "https://tidelift.com/funding/github/packagist/symfony/symfony",
          "type": "tidelift"
        }
      ],
      "time": "2022-11-03T14:55:06+00:00"
    },
    {
      "name": "symfony/var-dumper",
      "version": "v6.3.1",
      "source": {
        "type": "git",
        "url": "https://github.com/symfony/var-dumper.git",
        "reference": "c81268d6960ddb47af17391a27d222bd58cf0515"
      },
      "dist": {
        "type": "zip",
        "url": "https://api.github.com/repos/symfony/var-dumper/zipball/c81268d6960ddb47af17391a27d222bd58cf0515",
        "reference": "c81268d6960ddb47af17391a27d222bd58cf0515",
        "shasum": ""
      },
      "require": {
        "php": ">=8.1",
        "symfony/polyfill-mbstring": "~1.0"
      },
      "conflict": {
        "symfony/console": "<5.4"
      },
      "require-dev": {
        "ext-iconv": "*",
        "symfony/console": "^5.4|^6.0",
        "symfony/process": "^5.4|^6.0",
        "symfony/uid": "^5.4|^6.0",
        "twig/twig": "^2.13|^3.0.4"
      },
      "bin": [
        "Resources/bin/var-dump-server"
      ],
      "type": "library",
      "autoload": {
        "files": [
          "Resources/functions/dump.php"
        ],
        "psr-4": {
          "Symfony\\Component\\VarDumper\\": ""
        },
        "exclude-from-classmap": [
          "/Tests/"
        ]
      },
      "notification-url": "https://packagist.org/downloads/",
      "license": [
        "MIT"
      ],
      "authors": [
        {
          "name": "Nicolas Grekas",
          "email": "p@tchwork.com"
        },
        {
          "name": "Symfony Community",
          "homepage": "https://symfony.com/contributors"
        }
      ],
      "description": "Provides mechanisms for walking through any arbitrary PHP variable",
      "homepage": "https://symfony.com",
      "keywords": [
        "debug",
        "dump"
      ],
      "support": {
        "source": "https://github.com/symfony/var-dumper/tree/v6.3.1"
      },
      "funding": [
        {
          "url": "https://symfony.com/sponsor",
          "type": "custom"
        },
        {
          "url": "https://github.com/fabpot",
          "type": "github"
        },
        {
          "url": "https://tidelift.com/funding/github/packagist/symfony/symfony",
          "type": "tidelift"
        }
      ],
      "time": "2023-06-21T12:08:28+00:00"
    }
  ],
  "aliases": [],
  "minimum-stability": "stable",
  "stability-flags": [],
  "prefer-stable": false,
  "prefer-lowest": false,
  "platform": [],
  "platform-dev": [],
  "plugin-api-version": "2.6.0"
}
